// !$*UTF8*$!
{
	archiveVersion = 1;
	classes = {
	};
	objectVersion = 50;
	objects = {

/* Begin PBXBuildFile section */
		91112EAA234755930047CCE2 /* AppDelegate.swift in Sources */ = {isa = PBXBuildFile; fileRef = 91112EA9234755930047CCE2 /* AppDelegate.swift */; };
		91112EAE234755930047CCE2 /* ViewController.swift in Sources */ = {isa = PBXBuildFile; fileRef = 91112EAD234755930047CCE2 /* ViewController.swift */; };
		91112EB1234755930047CCE2 /* Main.storyboard in Resources */ = {isa = PBXBuildFile; fileRef = 91112EAF234755930047CCE2 /* Main.storyboard */; };
		91112EB3234755930047CCE2 /* Assets.xcassets in Resources */ = {isa = PBXBuildFile; fileRef = 91112EB2234755930047CCE2 /* Assets.xcassets */; };
		91112EB6234755930047CCE2 /* LaunchScreen.storyboard in Resources */ = {isa = PBXBuildFile; fileRef = 91112EB4234755930047CCE2 /* LaunchScreen.storyboard */; };
		91112EBF2347563C0047CCE2 /* ArcMenu.swift in Sources */ = {isa = PBXBuildFile; fileRef = 91112EBE2347563C0047CCE2 /* ArcMenu.swift */; };
		91112EC12347571C0047CCE2 /* MyMenuItem.swift in Sources */ = {isa = PBXBuildFile; fileRef = 91112EC02347571C0047CCE2 /* MyMenuItem.swift */; };
		91112EC3234758A10047CCE2 /* UIColorExt.swift in Sources */ = {isa = PBXBuildFile; fileRef = 91112EC2234758A10047CCE2 /* UIColorExt.swift */; };
/* End PBXBuildFile section */

/* Begin PBXFileReference section */
		91112EA6234755930047CCE2 /* ArcMenu.app */ = {isa = PBXFileReference; explicitFileType = wrapper.application; includeInIndex = 0; path = ArcMenu.app; sourceTree = BUILT_PRODUCTS_DIR; };
		91112EA9234755930047CCE2 /* AppDelegate.swift */ = {isa = PBXFileReference; lastKnownFileType = sourcecode.swift; path = AppDelegate.swift; sourceTree = "<group>"; };
		91112EAD234755930047CCE2 /* ViewController.swift */ = {isa = PBXFileReference; lastKnownFileType = sourcecode.swift; path = ViewController.swift; sourceTree = "<group>"; };
		91112EB0234755930047CCE2 /* Base */ = {isa = PBXFileReference; lastKnownFileType = file.storyboard; name = Base; path = Base.lproj/Main.storyboard; sourceTree = "<group>"; };
		91112EB2234755930047CCE2 /* Assets.xcassets */ = {isa = PBXFileReference; lastKnownFileType = folder.assetcatalog; path = Assets.xcassets; sourceTree = "<group>"; };
		91112EB5234755930047CCE2 /* Base */ = {isa = PBXFileReference; lastKnownFileType = file.storyboard; name = Base; path = Base.lproj/LaunchScreen.storyboard; sourceTree = "<group>"; };
		91112EB7234755930047CCE2 /* Info.plist */ = {isa = PBXFileReference; lastKnownFileType = text.plist.xml; path = Info.plist; sourceTree = "<group>"; };
		91112EBE2347563C0047CCE2 /* ArcMenu.swift */ = {isa = PBXFileReference; fileEncoding = 4; lastKnownFileType = sourcecode.swift; path = ArcMenu.swift; sourceTree = "<group>"; };
		91112EC02347571C0047CCE2 /* MyMenuItem.swift */ = {isa = PBXFileReference; fileEncoding = 4; lastKnownFileType = sourcecode.swift; path = MyMenuItem.swift; sourceTree = "<group>"; };
		91112EC2234758A10047CCE2 /* UIColorExt.swift */ = {isa = PBXFileReference; fileEncoding = 4; lastKnownFileType = sourcecode.swift; path = UIColorExt.swift; sourceTree = "<group>"; };
/* End PBXFileReference section */

/* Begin PBXFrameworksBuildPhase section */
		91112EA3234755930047CCE2 /* Frameworks */ = {
			isa = PBXFrameworksBuildPhase;
			buildActionMask = 2147483647;
			files = (
			);
			runOnlyForDeploymentPostprocessing = 0;
		};
/* End PBXFrameworksBuildPhase section */

/* Begin PBXGroup section */
		91112E9D234755930047CCE2 = {
			isa = PBXGroup;
			children = (
				91112EA8234755930047CCE2 /* ArcMenu */,
				91112EA7234755930047CCE2 /* Products */,
			);
			sourceTree = "<group>";
		};
		91112EA7234755930047CCE2 /* Products */ = {
			isa = PBXGroup;
			children = (
				91112EA6234755930047CCE2 /* ArcMenu.app */,
			);
			name = Products;
			sourceTree = "<group>";
		};
		91112EA8234755930047CCE2 /* ArcMenu */ = {
			isa = PBXGroup;
			children = (
				91112EC2234758A10047CCE2 /* UIColorExt.swift */,
				91112EBD234756200047CCE2 /* View */,
				91112EA9234755930047CCE2 /* AppDelegate.swift */,
				91112EAD234755930047CCE2 /* ViewController.swift */,
				91112EAF234755930047CCE2 /* Main.storyboard */,
				91112EB2234755930047CCE2 /* Assets.xcassets */,
				91112EB4234755930047CCE2 /* LaunchScreen.storyboard */,
				91112EB7234755930047CCE2 /* Info.plist */,
			);
			path = ArcMenu;
			sourceTree = "<group>";
		};
		91112EBD234756200047CCE2 /* View */ = {
			isa = PBXGroup;
			children = (
				91112EC02347571C0047CCE2 /* MyMenuItem.swift */,
				91112EBE2347563C0047CCE2 /* ArcMenu.swift */,
			);
			path = View;
			sourceTree = "<group>";
		};
/* End PBXGroup section */

/* Begin PBXNativeTarget section */
		91112EA5234755930047CCE2 /* ArcMenu */ = {
			isa = PBXNativeTarget;
			buildConfigurationList = 91112EBA234755930047CCE2 /* Build configuration list for PBXNativeTarget "ArcMenu" */;
			buildPhases = (
				91112EA2234755930047CCE2 /* Sources */,
				91112EA3234755930047CCE2 /* Frameworks */,
				91112EA4234755930047CCE2 /* Resources */,
			);
			buildRules = (
			);
			dependencies = (
			);
			name = ArcMenu;
			productName = ArcMenu;
			productReference = 91112EA6234755930047CCE2 /* ArcMenu.app */;
			productType = "com.apple.product-type.application";
		};
/* End PBXNativeTarget section */

/* Begin PBXProject section */
		91112E9E234755930047CCE2 /* Project object */ = {
			isa = PBXProject;
			attributes = {
				LastSwiftUpdateCheck = 1100;
				LastUpgradeCheck = 1100;
				ORGANIZATIONNAME = "Rex Peng";
				TargetAttributes = {
					91112EA5234755930047CCE2 = {
						CreatedOnToolsVersion = 11.0;
					};
				};
			};
			buildConfigurationList = 91112EA1234755930047CCE2 /* Build configuration list for PBXProject "ArcMenu" */;
			compatibilityVersion = "Xcode 9.3";
			developmentRegion = en;
			hasScannedForEncodings = 0;
			knownRegions = (
				en,
				Base,
			);
			mainGroup = 91112E9D234755930047CCE2;
			productRefGroup = 91112EA7234755930047CCE2 /* Products */;
			projectDirPath = "";
			projectRoot = "";
			targets = (
				91112EA5234755930047CCE2 /* ArcMenu */,
			);
		};
/* End PBXProject section */

/* Begin PBXResourcesBuildPhase section */
		91112EA4234755930047CCE2 /* Resources */ = {
			isa = PBXResourcesBuildPhase;
			buildActionMask = 2147483647;
			files = (
				91112EB6234755930047CCE2 /* LaunchScreen.storyboard in Resources */,
				91112EB3234755930047CCE2 /* Assets.xcassets in Resources */,
				91112EB1234755930047CCE2 /* Main.storyboard in Resources */,
			);
			runOnlyForDeploymentPostprocessing = 0;
		};
/* End PBXResourcesBuildPhase section */

/* Begin PBXSourcesBuildPhase section */
		91112EA2234755930047CCE2 /* Sources */ = {
			isa = PBXSourcesBuildPhase;
			buildActionMask = 2147483647;
			files = (
				91112EAE234755930047CCE2 /* ViewController.swift in Sources */,
				91112EC12347571C0047CCE2 /* MyMenuItem.swift in Sources */,
				91112EBF2347563C0047CCE2 /* ArcMenu.swift in Sources */,
				91112EC3234758A10047CCE2 /* UIColorExt.swift in Sources */,
				91112EAA234755930047CCE2 /* AppDelegate.swift in Sources */,
			);
			runOnlyForDeploymentPostprocessing = 0;
		};
/* End PBXSourcesBuildPhase section */

/* Begin PBXVariantGroup section */
		91112EAF234755930047CCE2 /* Main.storyboard */ = {
			isa = PBXVariantGroup;
			children = (
				91112EB0234755930047CCE2 /* Base */,
			);
			name = Main.storyboard;
			sourceTree = "<group>";
		};
		91112EB4234755930047CCE2 /* LaunchScreen.storyboard */ = {
			isa = PBXVariantGroup;
			children = (
				91112EB5234755930047CCE2 /* Base */,
			);
			name = LaunchScreen.storyboard;
			sourceTree = "<group>";
		};
/* End PBXVariantGroup section */

/* Begin XCBuildConfiguration section */
		91112EB8234755930047CCE2 /* Debug */ = {
			isa = XCBuildConfiguration;
			buildSettings = {
				ALWAYS_SEARCH_USER_PATHS = NO;
				CLANG_ANALYZER_NONNULL = YES;
				CLANG_ANALYZER_NUMBER_OBJECT_CONVERSION = YES_AGGRESSIVE;
				CLANG_CXX_LANGUAGE_STANDARD = "gnu++14";
				CLANG_CXX_LIBRARY = "libc++";
				CLANG_ENABLE_MODULES = YES;
				CLANG_ENABLE_OBJC_ARC = YES;
				CLANG_ENABLE_OBJC_WEAK = YES;
				CLANG_WARN_BLOCK_CAPTURE_AUTORELEASING = YES;
				CLANG_WARN_BOOL_CONVERSION = YES;
				CLANG_WARN_COMMA = YES;
				CLANG_WARN_CONSTANT_CONVERSION = YES;
				CLANG_WARN_DEPRECATED_OBJC_IMPLEMENTATIONS = YES;
				CLANG_WARN_DIRECT_OBJC_ISA_USAGE = YES_ERROR;
				CLANG_WARN_DOCUMENTATION_COMMENTS = YES;
				CLANG_WARN_EMPTY_BODY = YES;
				CLANG_WARN_ENUM_CONVERSION = YES;
				CLANG_WARN_INFINITE_RECURSION = YES;
				CLANG_WARN_INT_CONVERSION = YES;
				CLANG_WARN_NON_LITERAL_NULL_CONVERSION = YES;
				CLANG_WARN_OBJC_IMPLICIT_RETAIN_SELF = YES;
				CLANG_WARN_OBJC_LITERAL_CONVERSION = YES;
				CLANG_WARN_OBJC_ROOT_CLASS = YES_ERROR;
				CLANG_WARN_RANGE_LOOP_ANALYSIS = YES;
				CLANG_WARN_STRICT_PROTOTYPES = YES;
				CLANG_WARN_SUSPICIOUS_MOVE = YES;
				CLANG_WARN_UNGUARDED_AVAILABILITY = YES_AGGRESSIVE;
				CLANG_WARN_UNREACHABLE_CODE = YES;
				CLANG_WARN__DUPLICATE_METHOD_MATCH = YES;
				COPY_PHASE_STRIP = NO;
				DEBUG_INFORMATION_FORMAT = dwarf;
				ENABLE_STRICT_OBJC_MSGSEND = YES;
				ENABLE_TESTABILITY = YES;
				GCC_C_LANGUAGE_STANDARD = gnu11;
				GCC_DYNAMIC_NO_PIC = NO;
				GCC_NO_COMMON_BLOCKS = YES;
				GCC_OPTIMIZATION_LEVEL = 0;
				GCC_PREPROCESSOR_DEFINITIONS = (
					"DEBUG=1",
					"$(inherited)",
				);
				GCC_WARN_64_TO_32_BIT_CONVERSION = YES;
				GCC_WARN_ABOUT_RETURN_TYPE = YES_ERROR;
				GCC_WARN_UNDECLARED_SELECTOR = YES;
				GCC_WARN_UNINITIALIZED_AUTOS = YES_AGGRESSIVE;
				GCC_WARN_UNUSED_FUNCTION = YES;
				GCC_WARN_UNUSED_VARIABLE = YES;
				IPHONEOS_DEPLOYMENT_TARGET = 13.0;
				MTL_ENABLE_DEBUG_INFO = INCLUDE_SOURCE;
				MTL_FAST_MATH = YES;
				ONLY_ACTIVE_ARCH = YES;
				SDKROOT = iphoneos;
				SWIFT_ACTIVE_COMPILATION_CONDITIONS = DEBUG;
				SWIFT_OPTIMIZATION_LEVEL = "-Onone";
			};
			name = Debug;
		};
		91112EB9234755930047CCE2 /* Release */ = {
			isa = XCBuildConfiguration;
			buildSettings = {
				ALWAYS_SEARCH_USER_PATHS = NO;
				CLANG_ANALYZER_NONNULL = YES;
				CLANG_ANALYZER_NUMBER_OBJECT_CONVERSION = YES_AGGRESSIVE;
				CLANG_CXX_LANGUAGE_STANDARD = "gnu++14";
				CLANG_CXX_LIBRARY = "libc++";
				CLANG_ENABLE_MODULES = YES;
				CLANG_ENABLE_OBJC_ARC = YES;
				CLANG_ENABLE_OBJC_WEAK = YES;
				CLANG_WARN_BLOCK_CAPTURE_AUTORELEASING = YES;
				CLANG_WARN_BOOL_CONVERSION = YES;
				CLANG_WARN_COMMA = YES;
				CLANG_WARN_CONSTANT_CONVERSION = YES;
				CLANG_WARN_DEPRECATED_OBJC_IMPLEMENTATIONS = YES;
				CLANG_WARN_DIRECT_OBJC_ISA_USAGE = YES_ERROR;
				CLANG_WARN_DOCUMENTATION_COMMENTS = YES;
				CLANG_WARN_EMPTY_BODY = YES;
				CLANG_WARN_ENUM_CONVERSION = YES;
				CLANG_WARN_INFINITE_RECURSION = YES;
				CLANG_WARN_INT_CONVERSION = YES;
				CLANG_WARN_NON_LITERAL_NULL_CONVERSION = YES;
				CLANG_WARN_OBJC_IMPLICIT_RETAIN_SELF = YES;
				CLANG_WARN_OBJC_LITERAL_CONVERSION = YES;
				CLANG_WARN_OBJC_ROOT_CLASS = YES_ERROR;
				CLANG_WARN_RANGE_LOOP_ANALYSIS = YES;
				CLANG_WARN_STRICT_PROTOTYPES = YES;
				CLANG_WARN_SUSPICIOUS_MOVE = YES;
				CLANG_WARN_UNGUARDED_AVAILABILITY = YES_AGGRESSIVE;
				CLANG_WARN_UNREACHABLE_CODE = YES;
				CLANG_WARN__DUPLICATE_METHOD_MATCH = YES;
				COPY_PHASE_STRIP = NO;
				DEBUG_INFORMATION_FORMAT = "dwarf-with-dsym";
				ENABLE_NS_ASSERTIONS = NO;
				ENABLE_STRICT_OBJC_MSGSEND = YES;
				GCC_C_LANGUAGE_STANDARD = gnu11;
				GCC_NO_COMMON_BLOCKS = YES;
				GCC_WARN_64_TO_32_BIT_CONVERSION = YES;
				GCC_WARN_ABOUT_RETURN_TYPE = YES_ERROR;
				GCC_WARN_UNDECLARED_SELECTOR = YES;
				GCC_WARN_UNINITIALIZED_AUTOS = YES_AGGRESSIVE;
				GCC_WARN_UNUSED_FUNCTION = YES;
				GCC_WARN_UNUSED_VARIABLE = YES;
				IPHONEOS_DEPLOYMENT_TARGET = 13.0;
				MTL_ENABLE_DEBUG_INFO = NO;
				MTL_FAST_MATH = YES;
				SDKROOT = iphoneos;
				SWIFT_COMPILATION_MODE = wholemodule;
				SWIFT_OPTIMIZATION_LEVEL = "-O";
				VALIDATE_PRODUCT = YES;
			};
			name = Release;
		};
		91112EBB234755930047CCE2 /* Debug */ = {
			isa = XCBuildConfiguration;
			buildSettings = {
				ASSETCATALOG_COMPILER_APPICON_NAME = AppIcon;
				CODE_SIGN_STYLE = Automatic;
				DEVELOPMENT_TEAM = U79L9MP8GY;
				INFOPLIST_FILE = ArcMenu/Info.plist;
				IPHONEOS_DEPLOYMENT_TARGET = 9.0;
				LD_RUNPATH_SEARCH_PATHS = (
					"$(inherited)",
					"@executable_path/Frameworks",
				);
				PRODUCT_BUNDLE_IDENTIFIER = com.godsoft.ArcMenu;
				PRODUCT_NAME = "$(TARGET_NAME)";
				SWIFT_VERSION = 5.0;
				TARGETED_DEVICE_FAMILY = "1,2";
			};
			name = Debug;
		};
		91112EBC234755930047CCE2 /* Release */ = {
			isa = XCBuildConfiguration;
			buildSettings = {
				ASSETCATALOG_COMPILER_APPICON_NAME = AppIcon;
				CODE_SIGN_STYLE = Automatic;
				DEVELOPMENT_TEAM = U79L9MP8GY;
				INFOPLIST_FILE = ArcMenu/Info.plist;
				IPHONEOS_DEPLOYMENT_TARGET = 9.0;
				LD_RUNPATH_SEARCH_PATHS = (
					"$(inherited)",
					"@executable_path/Frameworks",
				);
				PRODUCT_BUNDLE_IDENTIFIER = com.godsoft.ArcMenu;
				PRODUCT_NAME = "$(TARGET_NAME)";
				SWIFT_VERSION = 5.0;
				TARGETED_DEVICE_FAMILY = "1,2";
			};
			name = Release;
		};
/* End XCBuildConfiguration section */

/* Begin XCConfigurationList section */
		91112EA1234755930047CCE2 /* Build configuration list for PBXProject "ArcMenu" */ = {
			isa = XCConfigurationList;
			buildConfigurations = (
				91112EB8234755930047CCE2 /* Debug */,
				91112EB9234755930047CCE2 /* Release */,
			);
			defaultConfigurationIsVisible = 0;
			defaultConfigurationName = Release;
		};
		91112EBA234755930047CCE2 /* Build configuration list for PBXNativeTarget "ArcMenu" */ = {
			isa = XCConfigurationList;
			buildConfigurations = (
				91112EBB234755930047CCE2 /* Debug */,
				91112EBC234755930047CCE2 /* Release */,
			);
			defaultConfigurationIsVisible = 0;
			defaultConfigurationName = Release;
		};
/* End XCConfigurationList section */
	};
	rootObject = 91112E9E234755930047CCE2 /* Project object */;
}
